PODS:
  - Capacitor (7.1.0):
    - CapacitorCordova
  - CapacitorCordova (7.1.0)

DEPENDENCIES:
  - "Capacitor (from `../../node_modules/@capacitor/ios`)"
  - "CapacitorCordova (from `../../node_modules/@capacitor/ios`)"

EXTERNAL SOURCES:
  Capacitor:
    :path: "../../node_modules/@capacitor/ios"
  CapacitorCordova:
    :path: "../../node_modules/@capacitor/ios"

SPEC CHECKSUMS:
  Capacitor: bceb785fb78f5e81e4a9e37843bc1c24bd9c7194
  CapacitorCordova: 866217f32c1d25b326c568a10ea3ed0c36b13e29

PODFILE CHECKSUM: e5aad413742a07f9e736126612b43b6c058babcd

COCOAPODS: 1.16.2
